<?xml version="1.0" encoding="utf-8"?>
<Project ToolsVersion="4.0" xmlns="http://schemas.microsoft.com/developer/msbuild/2003">
  <ItemGroup>
    <Filter Include="system">
      <UniqueIdentifier>{22dd8095-74f9-46df-81a1-36675a040b1f}</UniqueIdentifier>
    </Filter>
    <Filter Include="Src">
      <UniqueIdentifier>{cea2ee3e-7e3a-4bbd-9877-0458d4aaf457}</UniqueIdentifier>
    </Filter>
    <Filter Include="Src\Actor">
      <UniqueIdentifier>{adc7348c-6f5f-4bd7-a503-5b9e5ed27330}</UniqueIdentifier>
    </Filter>
    <Filter Include="Src\Actor\Stage">
      <UniqueIdentifier>{60023f67-0c22-4b38-95ee-72485160eb80}</UniqueIdentifier>
    </Filter>
    <Filter Include="Src\StateMachine">
      <UniqueIdentifier>{b15b83ef-5e0f-43e7-8ada-b052463706aa}</UniqueIdentifier>
    </Filter>
    <Filter Include="Src\SceneManager">
      <UniqueIdentifier>{dfcbec45-629c-4b00-8331-b1ff159f600d}</UniqueIdentifier>
    </Filter>
  </ItemGroup>
  <ItemGroup>
    <ClCompile Include="stdafx.cpp" />
    <ClCompile Include="main.cpp" />
    <ClCompile Include="system\system.cpp">
      <Filter>system</Filter>
    </ClCompile>
    <ClCompile Include="Game.cpp" />
    <ClCompile Include="Src\Actor\Stage\Stage.cpp">
      <Filter>Src\Actor\Stage</Filter>
    </ClCompile>
    <ClCompile Include="Src\Actor\Stage\LoadStageData.cpp">
      <Filter>Src\Actor\Stage</Filter>
    </ClCompile>
    <ClCompile Include="Src\Actor\Actor.cpp">
      <Filter>Src\Actor</Filter>
    </ClCompile>
    <ClCompile Include="Src\StateMachine\StateMachine.cpp">
      <Filter>Src\StateMachine</Filter>
    </ClCompile>
    <ClCompile Include="Title.cpp" />
    <ClCompile Include="Src\SceneLoader\SceneLoader.cpp">
      <Filter>Src\SceneManager</Filter>
    </ClCompile>
    <ClCompile Include="Camera.cpp" />
    <ClCompile Include="Src\Actor\Character\Common\CharacterAnimation.cpp" />
    <ClCompile Include="Src\Actor\Character\Common\CharacterModel.cpp" />
    <ClCompile Include="Src\Actor\Character\Common\ICharacter.cpp" />
    <ClCompile Include="Src\Actor\Character\Player\Player.cpp" />
    <ClCompile Include="Src\Actor\Character\Player\PlayerInput.cpp" />
    <ClCompile Include="Src\Actor\Character\Player\State\AttackState\ComboState\PlayerComboAttackState.cpp" />
    <ClCompile Include="Src\Actor\Character\Player\State\AttackState\ComboState\PlayerRushEndState.cpp" />
    <ClCompile Include="Src\Actor\Character\Player\State\AttackState\ComboState\PlayerRushStartState.cpp" />
    <ClCompile Include="Src\Actor\Character\Player\State\AttackState\PlayerAirAttackState.cpp" />
    <ClCompile Include="Src\Actor\Character\Player\State\AttackState\PlayerAttackBaseState.cpp" />
    <ClCompile Include="Src\Actor\Character\Player\State\AttackState\PlayerChargeAttackState.cpp" />
    <ClCompile Include="Src\Actor\Character\Player\State\AttackState\PlayerNormalAttackState.cpp" />
    <ClCompile Include="Src\Actor\Character\Player\State\BasicState\PlayerDethState.cpp" />
    <ClCompile Include="Src\Actor\Character\Player\State\BasicState\PlayerHitState.cpp" />
    <ClCompile Include="Src\Actor\Character\Player\State\BasicState\PlayerIdleState.cpp" />
    <ClCompile Include="Src\Actor\Character\Player\State\BasicState\PlayerJumpState.cpp" />
    <ClCompile Include="Src\Actor\Character\Player\State\BasicState\PlayerRunState.cpp" />
    <ClCompile Include="Src\Actor\Character\Player\State\BasicState\PlayerWalkState.cpp" />
    <ClCompile Include="Src\Fade\Fade.cpp" />
    <ClCompile Include="Src\UIAnimation\UIAnimation.cpp" />
    <ClCompile Include="Select.cpp" />
    <ClCompile Include="QuestSelect.cpp" />
    <ClCompile Include="MemberSelect.cpp" />
    <ClCompile Include="CharacterHP.cpp" />
    <ClCompile Include="ConfirmationSelect.cpp" />
    <ClCompile Include="GameStartDirection.cpp" />
    <ClCompile Include="GameTimeLimit.cpp" />
    <ClCompile Include="Result.cpp" />
    <ClCompile Include="GameEndSelect.cpp" />
    <ClCompile Include="GameClearDirection.cpp" />
    <ClCompile Include="GameTimeUpDirection.cpp" />
    <ClCompile Include="GameOverDirection.cpp" />
  </ItemGroup>
  <ItemGroup>
    <ClInclude Include="stdafx.h" />
    <ClInclude Include="system\system.h">
      <Filter>system</Filter>
    </ClInclude>
    <ClInclude Include="Game.h" />
    <ClInclude Include="Src\Actor\Stage\StageData.h">
      <Filter>Src\Actor\Stage</Filter>
    </ClInclude>
    <ClInclude Include="Src\Actor\Stage\Stage.h">
      <Filter>Src\Actor\Stage</Filter>
    </ClInclude>
    <ClInclude Include="Src\Actor\Stage\LoadStageData.h">
      <Filter>Src\Actor\Stage</Filter>
    </ClInclude>
    <ClInclude Include="Src\Actor\Actor.h">
      <Filter>Src\Actor</Filter>
    </ClInclude>
    <ClInclude Include="Src\StateMachine\StateMachine.h">
      <Filter>Src\StateMachine</Filter>
    </ClInclude>
    <ClInclude Include="Src\StateMachine\NullState.h">
      <Filter>Src\StateMachine</Filter>
    </ClInclude>
    <ClInclude Include="Title.h" />
    <ClInclude Include="Src\SceneLoader\SceneLoader.h">
      <Filter>Src\SceneManager</Filter>
    </ClInclude>
    <ClInclude Include="Camera.h" />
    <ClInclude Include="Src\Actor\Character\Common\CharacterAnimation.h" />
    <ClInclude Include="Src\Actor\Character\Common\CharacterModel.h" />
    <ClInclude Include="Src\Actor\Character\Common\ICharacter.h" />
    <ClInclude Include="Src\Actor\Character\Common\IState.h" />
    <ClInclude Include="Src\Actor\Character\Player\Component\StateTransitionDiagram.h" />
    <ClInclude Include="Src\Actor\Character\Player\Player.h" />
    <ClInclude Include="Src\Actor\Character\Player\PlayerInput.h" />
    <ClInclude Include="Src\Actor\Character\Player\State\AttackState\ComboState\PlayerComboAttackState.h" />
    <ClInclude Include="Src\Actor\Character\Player\State\AttackState\ComboState\PlayerRushEndState.h" />
    <ClInclude Include="Src\Actor\Character\Player\State\AttackState\ComboState\PlayerRushStartState.h" />
    <ClInclude Include="Src\Actor\Character\Player\State\AttackState\PlayerAirAttackState.h" />
    <ClInclude Include="Src\Actor\Character\Player\State\AttackState\PlayerAttackBaseState.h" />
    <ClInclude Include="Src\Actor\Character\Player\State\AttackState\PlayerChargeAttackState.h" />
    <ClInclude Include="Src\Actor\Character\Player\State\AttackState\PlayerNormalAttackState.h" />
    <ClInclude Include="Src\Actor\Character\Player\State\BasicState\PlayerDethState.h" />
    <ClInclude Include="Src\Actor\Character\Player\State\BasicState\PlayerHitState.h" />
    <ClInclude Include="Src\Actor\Character\Player\State\BasicState\PlayerIdleState.h" />
    <ClInclude Include="Src\Actor\Character\Player\State\BasicState\PlayerJumpState.h" />
    <ClInclude Include="Src\Actor\Character\Player\State\BasicState\PlayerRunState.h" />
    <ClInclude Include="Src\Actor\Character\Player\State\BasicState\PlayerWalkState.h" />
    <ClInclude Include="Src\Fade\Fade.h" />
    <ClInclude Include="Src\UIAnimation\UIAnimation.h" />
    <ClInclude Include="Select.h" />
    <ClInclude Include="QuestSelect.h" />
    <ClInclude Include="MemberSelect.h" />
    <ClInclude Include="CharacterHP.h" />
    <ClInclude Include="ConfirmationSelect.h" />
    <ClInclude Include="GameStartDirection.h" />
    <ClInclude Include="GameTimeLimit.h" />
    <ClInclude Include="Result.h" />
    <ClInclude Include="GameEndSelect.h" />
    <ClInclude Include="GameClearDirection.h" />
    <ClInclude Include="GameTimeUpDirection.h" />
    <ClInclude Include="GameOverDirection.h" />
  </ItemGroup>
</Project>